lockfileVersion: '6.0'

settings:
  autoInstallPeers: true
  excludeLinksFromLockfile: false

dependencies:
  drizzle-orm:
    specifier: ^0.27.2
    version: 0.27.2(postgres@3.3.5)
  postgres:
    specifier: ^3.3.5
    version: 3.3.5

devDependencies:
  typescript:
    specifier: 5.1.6
    version: 5.1.6

packages:

  /drizzle-orm@0.27.2(postgres@3.3.5):
    resolution: {integrity: sha512-ZvBvceff+JlgP7FxHKe0zOU9CkZ4RcOtibumIrqfYzDGuOeF0YUY0F9iMqYpRM7pxnLRfC+oO7rWOUH3T5oFQA==}
    peerDependencies:
      '@aws-sdk/client-rds-data': '>=3'
      '@cloudflare/workers-types': '>=3'
      '@libsql/client': '*'
      '@neondatabase/serverless': '>=0.1'
      '@opentelemetry/api': ^1.4.1
      '@planetscale/database': '>=1'
      '@types/better-sqlite3': '*'
      '@types/pg': '*'
      '@types/sql.js': '*'
      '@vercel/postgres': '*'
      better-sqlite3: '>=7'
      bun-types: '*'
      knex: '*'
      kysely: '*'
      mysql2: '>=2'
      pg: '>=8'
      postgres: '>=3'
      sql.js: '>=1'
      sqlite3: '>=5'
    peerDependenciesMeta:
      '@aws-sdk/client-rds-data':
        optional: true
      '@cloudflare/workers-types':
        optional: true
      '@libsql/client':
        optional: true
      '@neondatabase/serverless':
        optional: true
      '@opentelemetry/api':
        optional: true
      '@planetscale/database':
        optional: true
      '@types/better-sqlite3':
        optional: true
      '@types/pg':
        optional: true
      '@types/sql.js':
        optional: true
      '@vercel/postgres':
        optional: true
      better-sqlite3:
        optional: true
      bun-types:
        optional: true
      knex:
        optional: true
      kysely:
        optional: true
      mysql2:
        optional: true
      pg:
        optional: true
      postgres:
        optional: true
      sql.js:
        optional: true
      sqlite3:
        optional: true
    dependencies:
      postgres: 3.3.5
    dev: false

  /postgres@3.3.5:
    resolution: {integrity: sha512-+JD93VELV9gHkqpV5gdL5/70HdGtEw4/XE1S4BC8f1mcPmdib3K5XsKVbnR1XcAyC41zOnifJ+9YRKxdIsXiUw==}
    dev: false

  /typescript@5.1.6:
    resolution: {integrity: sha512-zaWCozRZ6DLEWAWFrVDz1H6FVXzUSfTy5FUMWsQlU8Ym5JP9eO4xkTIROFCQvhQf61z6O/G6ugw3SgAnvvm+HA==}
    engines: {node: '>=14.17'}
    hasBin: true
    dev: true
